
Microsoft Visual Studio Solution File, Format Version 12.00
# Visual Studio Version 16
VisualStudioVersion = 16.0.29306.81
MinimumVisualStudioVersion = 10.0.40219.1
Project("{FAE04EC0-301F-11D3-BF4B-00C04F79EFBC}") = "group1", "group1\group1.csproj", "{34734B44-651C-4992-9C9B-3E89EE5ED35A}"
EndProject
Global
	GlobalSection(SolutionConfigurationPlatforms) = preSolution
		Debug|Any CPU = Debug|Any CPU
		Release|Any CPU = Release|Any CPU
	EndGlobalSection
	GlobalSection(ProjectConfigurationPlatforms) = postSolution
		{34734B44-651C-4992-9C9B-3E89EE5ED35A}.Debug|Any CPU.ActiveCfg = Debug|Any CPU
		{34734B44-651C-4992-9C9B-3E89EE5ED35A}.Debug|Any CPU.Build.0 = Debug|Any CPU
		{34734B44-651C-4992-9C9B-3E89EE5ED35A}.Release|Any CPU.ActiveCfg = Release|Any CPU
		{34734B44-651C-4992-9C9B-3E89EE5ED35A}.Release|Any CPU.Build.0 = Release|Any CPU
	EndGlobalSection
	GlobalSection(SolutionProperties) = preSolution
		HideSolutionNode = FALSE
	EndGlobalSection
	GlobalSection(ExtensibilityGlobals) = postSolution
		SolutionGuid = {790BA541-47BF-4CB2-A1A1-10453D187386}
	EndGlobalSection
EndGlobal
